{
  "requires": true,
  "lockfileVersion": 1,
  "dependencies": {
    "deeplearn": {
      "version": "0.5.1",
      "resolved": "https://registry.npmjs.org/deeplearn/-/deeplearn-0.5.1.tgz",
      "integrity": "sha512-y5/nfdDIPRFhkmEV76YMR99GYFJWRtynWsxbeEXxxAldGFlc3dKgnptlJsduq4egxG3BpgUBP/qofE/cFfXFjA==",
      "requires": {
        "seedrandom": "2.4.3",
        "utf8": "2.1.2"
      }
    },
    "seedrandom": {
      "version": "2.4.3",
      "resolved": "https://registry.npmjs.org/seedrandom/-/seedrandom-2.4.3.tgz",
      "integrity": "sha1-JDhQTa0zkXMUv/GKxNeU8W1qrsw="
    },
    "utf8": {
      "version": "2.1.2",
      "resolved": "https://registry.npmjs.org/utf8/-/utf8-2.1.2.tgz",
      "integrity": "sha1-H6DZJw6b6FDZsFAn9jUZv0ZFfZY="
    }
  }
}
